PODS:
  - ABKeyboardAccessory (0.1.0)
  - ABMediaView (0.4.1)
  - ABUtils (0.1.4)
  - ABVolumeControl (0.1.1)
  - AFNetworking (3.1.0):
    - AFNetworking/NSURLSession (= 3.1.0)
    - AFNetworking/Reachability (= 3.1.0)
    - AFNetworking/Security (= 3.1.0)
    - AFNetworking/Serialization (= 3.1.0)
    - AFNetworking/UIKit (= 3.1.0)
  - AFNetworking/NSURLSession (3.1.0):
    - AFNetworking/Reachability
    - AFNetworking/Security
    - AFNetworking/Serialization
  - AFNetworking/Reachability (3.1.0)
  - AFNetworking/Security (3.1.0)
  - AFNetworking/Serialization (3.1.0)
  - AFNetworking/UIKit (3.1.0):
    - AFNetworking/NSURLSession
  - ChameleonFramework (2.1.0):
    - ChameleonFramework/Default (= 2.1.0)
  - ChameleonFramework/Default (2.1.0)
  - Realm (2.4.3):
    - Realm/Headers (= 2.4.3)
  - Realm/Headers (2.4.3)

DEPENDENCIES:
  - ABKeyboardAccessory
  - ABMediaView
  - ABUtils
  - ABVolumeControl
  - AFNetworking
  - ChameleonFramework
  - Realm

SPEC CHECKSUMS:
  ABKeyboardAccessory: 29a2314f09d392b46498110eef3a9c99445159fb
  ABMediaView: 9a3d226775c4fa3e27c988068d5822cfd453531b
  ABUtils: 92797d216600b2b0016566ca3886933c5a281101
  ABVolumeControl: 781215146c6d46476c8b0f5e92b420ddd60eeea0
  AFNetworking: 5e0e199f73d8626b11e79750991f5d173d1f8b67
  ChameleonFramework: d21a3cc247abfe5e37609a283a8238b03575cf64
  Realm: e08d60b0048ccccd3949c8c28a92c4db5712d7e9

PODFILE CHECKSUM: 664cccf2a40280593865f561d382b402c77c951e

COCOAPODS: 1.2.0
